
Microsoft Visual Studio Solution File, Format Version 12.00
# Visual Studio Version 17
VisualStudioVersion = 17.5.33424.131
MinimumVisualStudioVersion = 10.0.40219.1
Project("{FAE04EC0-301F-11D3-BF4B-00C04F79EFBC}") = "NLayeredAPI", "NLayeredAPI.csproj", "{7BEBF303-D624-4ED9-B72E-F33EE993965B}"
EndProject
Project("{FAE04EC0-301F-11D3-BF4B-00C04F79EFBC}") = "NLayeredAPI.Base", "..\NLayeredAPI.Base\NLayeredAPI.Base.csproj", "{C93C3A95-2062-4E2C-8111-7BF43754D8F8}"
EndProject
Project("{FAE04EC0-301F-11D3-BF4B-00C04F79EFBC}") = "NLayeredAPI.Data", "..\NLayeredAPI.Data\NLayeredAPI.Data.csproj", "{97743C50-C2F3-45D5-A193-9F139447868A}"
EndProject
Project("{FAE04EC0-301F-11D3-BF4B-00C04F79EFBC}") = "NLayeredAPI.Dto", "..\NLayeredAPI.Dto\NLayeredAPI.Dto.csproj", "{44F27E0D-5EE3-4A98-9A70-47B55EBE7F32}"
EndProject
Project("{FAE04EC0-301F-11D3-BF4B-00C04F79EFBC}") = "NLayeredAPI.Service", "..\NLayeredAPI.Service\NLayeredAPI.Service.csproj", "{E0D03FC4-D6A6-41FA-8524-D6D27EB5752C}"
EndProject
Global
	GlobalSection(SolutionConfigurationPlatforms) = preSolution
		Debug|Any CPU = Debug|Any CPU
		Release|Any CPU = Release|Any CPU
	EndGlobalSection
	GlobalSection(ProjectConfigurationPlatforms) = postSolution
		{7BEBF303-D624-4ED9-B72E-F33EE993965B}.Debug|Any CPU.ActiveCfg = Debug|Any CPU
		{7BEBF303-D624-4ED9-B72E-F33EE993965B}.Debug|Any CPU.Build.0 = Debug|Any CPU
		{7BEBF303-D624-4ED9-B72E-F33EE993965B}.Release|Any CPU.ActiveCfg = Release|Any CPU
		{7BEBF303-D624-4ED9-B72E-F33EE993965B}.Release|Any CPU.Build.0 = Release|Any CPU
		{C93C3A95-2062-4E2C-8111-7BF43754D8F8}.Debug|Any CPU.ActiveCfg = Debug|Any CPU
		{C93C3A95-2062-4E2C-8111-7BF43754D8F8}.Debug|Any CPU.Build.0 = Debug|Any CPU
		{C93C3A95-2062-4E2C-8111-7BF43754D8F8}.Release|Any CPU.ActiveCfg = Release|Any CPU
		{C93C3A95-2062-4E2C-8111-7BF43754D8F8}.Release|Any CPU.Build.0 = Release|Any CPU
		{97743C50-C2F3-45D5-A193-9F139447868A}.Debug|Any CPU.ActiveCfg = Debug|Any CPU
		{97743C50-C2F3-45D5-A193-9F139447868A}.Debug|Any CPU.Build.0 = Debug|Any CPU
		{97743C50-C2F3-45D5-A193-9F139447868A}.Release|Any CPU.ActiveCfg = Release|Any CPU
		{97743C50-C2F3-45D5-A193-9F139447868A}.Release|Any CPU.Build.0 = Release|Any CPU
		{44F27E0D-5EE3-4A98-9A70-47B55EBE7F32}.Debug|Any CPU.ActiveCfg = Debug|Any CPU
		{44F27E0D-5EE3-4A98-9A70-47B55EBE7F32}.Debug|Any CPU.Build.0 = Debug|Any CPU
		{44F27E0D-5EE3-4A98-9A70-47B55EBE7F32}.Release|Any CPU.ActiveCfg = Release|Any CPU
		{44F27E0D-5EE3-4A98-9A70-47B55EBE7F32}.Release|Any CPU.Build.0 = Release|Any CPU
		{E0D03FC4-D6A6-41FA-8524-D6D27EB5752C}.Debug|Any CPU.ActiveCfg = Debug|Any CPU
		{E0D03FC4-D6A6-41FA-8524-D6D27EB5752C}.Debug|Any CPU.Build.0 = Debug|Any CPU
		{E0D03FC4-D6A6-41FA-8524-D6D27EB5752C}.Release|Any CPU.ActiveCfg = Release|Any CPU
		{E0D03FC4-D6A6-41FA-8524-D6D27EB5752C}.Release|Any CPU.Build.0 = Release|Any CPU
	EndGlobalSection
	GlobalSection(SolutionProperties) = preSolution
		HideSolutionNode = FALSE
	EndGlobalSection
	GlobalSection(ExtensibilityGlobals) = postSolution
		SolutionGuid = {3C800E88-EB01-452B-B56C-3971CCA4E409}
	EndGlobalSection
EndGlobal
